
Microsoft Visual Studio Solution File, Format Version 12.00
# Visual Studio Version 16
VisualStudioVersion = 16.0.29519.87
MinimumVisualStudioVersion = 10.0.40219.1
Project("{9A19103F-16F7-4668-BE54-9A1E7A4F7556}") = "Day1", "src\Day1\Day1.csproj", "{B5A98AE1-682B-4D9A-A6AC-2199BD072121}"
EndProject
Project("{9A19103F-16F7-4668-BE54-9A1E7A4F7556}") = "Day2", "src\Day2\Day2.csproj", "{8CD3C382-BB5E-4BC3-9E5A-4EBA527A1929}"
EndProject
Project("{9A19103F-16F7-4668-BE54-9A1E7A4F7556}") = "Day3", "src\Day3\Day3.csproj", "{5675210B-42BD-47B8-90CA-DCA6AA70F3DC}"
EndProject
Project("{2150E333-8FDC-42A3-9474-1A3956D46DE8}") = "Day4", "Day4", "{789013CB-111B-4AAB-BF10-5B49B0FD6A93}"
EndProject
Project("{9A19103F-16F7-4668-BE54-9A1E7A4F7556}") = "Day4.Tests", "src\Day4\Day4.Tests\Day4.Tests.csproj", "{F9D30265-2A91-47C7-8FD4-9F2B6BBC22CA}"
EndProject
Project("{9A19103F-16F7-4668-BE54-9A1E7A4F7556}") = "Day4.Run", "src\Day4\Day4.Run\Day4.Run.csproj", "{14E4C082-B4D4-40B5-8814-C3FF5A4E8617}"
EndProject
Global
	GlobalSection(SolutionConfigurationPlatforms) = preSolution
		Debug|Any CPU = Debug|Any CPU
		Release|Any CPU = Release|Any CPU
	EndGlobalSection
	GlobalSection(ProjectConfigurationPlatforms) = postSolution
		{B5A98AE1-682B-4D9A-A6AC-2199BD072121}.Debug|Any CPU.ActiveCfg = Debug|Any CPU
		{B5A98AE1-682B-4D9A-A6AC-2199BD072121}.Debug|Any CPU.Build.0 = Debug|Any CPU
		{B5A98AE1-682B-4D9A-A6AC-2199BD072121}.Release|Any CPU.ActiveCfg = Release|Any CPU
		{B5A98AE1-682B-4D9A-A6AC-2199BD072121}.Release|Any CPU.Build.0 = Release|Any CPU
		{8CD3C382-BB5E-4BC3-9E5A-4EBA527A1929}.Debug|Any CPU.ActiveCfg = Debug|Any CPU
		{8CD3C382-BB5E-4BC3-9E5A-4EBA527A1929}.Debug|Any CPU.Build.0 = Debug|Any CPU
		{8CD3C382-BB5E-4BC3-9E5A-4EBA527A1929}.Release|Any CPU.ActiveCfg = Release|Any CPU
		{8CD3C382-BB5E-4BC3-9E5A-4EBA527A1929}.Release|Any CPU.Build.0 = Release|Any CPU
		{5675210B-42BD-47B8-90CA-DCA6AA70F3DC}.Debug|Any CPU.ActiveCfg = Debug|Any CPU
		{5675210B-42BD-47B8-90CA-DCA6AA70F3DC}.Debug|Any CPU.Build.0 = Debug|Any CPU
		{5675210B-42BD-47B8-90CA-DCA6AA70F3DC}.Release|Any CPU.ActiveCfg = Release|Any CPU
		{5675210B-42BD-47B8-90CA-DCA6AA70F3DC}.Release|Any CPU.Build.0 = Release|Any CPU
		{F9D30265-2A91-47C7-8FD4-9F2B6BBC22CA}.Debug|Any CPU.ActiveCfg = Debug|Any CPU
		{F9D30265-2A91-47C7-8FD4-9F2B6BBC22CA}.Debug|Any CPU.Build.0 = Debug|Any CPU
		{F9D30265-2A91-47C7-8FD4-9F2B6BBC22CA}.Release|Any CPU.ActiveCfg = Release|Any CPU
		{F9D30265-2A91-47C7-8FD4-9F2B6BBC22CA}.Release|Any CPU.Build.0 = Release|Any CPU
		{14E4C082-B4D4-40B5-8814-C3FF5A4E8617}.Debug|Any CPU.ActiveCfg = Debug|Any CPU
		{14E4C082-B4D4-40B5-8814-C3FF5A4E8617}.Debug|Any CPU.Build.0 = Debug|Any CPU
		{14E4C082-B4D4-40B5-8814-C3FF5A4E8617}.Release|Any CPU.ActiveCfg = Release|Any CPU
		{14E4C082-B4D4-40B5-8814-C3FF5A4E8617}.Release|Any CPU.Build.0 = Release|Any CPU
	EndGlobalSection
	GlobalSection(SolutionProperties) = preSolution
		HideSolutionNode = FALSE
	EndGlobalSection
	GlobalSection(NestedProjects) = preSolution
		{F9D30265-2A91-47C7-8FD4-9F2B6BBC22CA} = {789013CB-111B-4AAB-BF10-5B49B0FD6A93}
		{14E4C082-B4D4-40B5-8814-C3FF5A4E8617} = {789013CB-111B-4AAB-BF10-5B49B0FD6A93}
	EndGlobalSection
	GlobalSection(ExtensibilityGlobals) = postSolution
		SolutionGuid = {0114B610-EC46-465A-96B6-443544A6B606}
	EndGlobalSection
EndGlobal
